
Microsoft Visual Studio Solution File, Format Version 12.00
# Visual Studio Version 17
VisualStudioVersion = 17.11.35431.28
MinimumVisualStudioVersion = 10.0.40219.1
Project("{FAE04EC0-301F-11D3-BF4B-00C04F79EFBC}") = "ReplayGainMidi", "ReplayGainMidi.csproj", "{742C467A-92AD-49C0-892E-DF704DC597FE}"
EndProject
Global
	GlobalSection(SolutionConfigurationPlatforms) = preSolution
		Debug|Any CPU = Debug|Any CPU
		Release|Any CPU = Release|Any CPU
	EndGlobalSection
	GlobalSection(ProjectConfigurationPlatforms) = postSolution
		{742C467A-92AD-49C0-892E-DF704DC597FE}.Debug|Any CPU.ActiveCfg = Debug|Any CPU
		{742C467A-92AD-49C0-892E-DF704DC597FE}.Debug|Any CPU.Build.0 = Debug|Any CPU
		{742C467A-92AD-49C0-892E-DF704DC597FE}.Release|Any CPU.ActiveCfg = Release|Any CPU
		{742C467A-92AD-49C0-892E-DF704DC597FE}.Release|Any CPU.Build.0 = Release|Any CPU
	EndGlobalSection
	GlobalSection(SolutionProperties) = preSolution
		HideSolutionNode = FALSE
	EndGlobalSection
	GlobalSection(ExtensibilityGlobals) = postSolution
		SolutionGuid = {6C13FEF6-7B3F-480F-8058-07B78F1D6E95}
	EndGlobalSection
EndGlobal
